
Microsoft Visual Studio Solution File, Format Version 12.00
# Visual Studio Version 16
VisualStudioVersion = 25.0.1704.2
MinimumVisualStudioVersion = 10.0.40219.1
Project("{FAE04EC0-301F-11D3-BF4B-00C04F79EFBC}") = "fs", "fs\fs.csproj", "{432B063A-C3F4-4F8B-9FFF-35BE6695DC75}"
EndProject
Global
	GlobalSection(SolutionConfigurationPlatforms) = preSolution
		Debug|Any CPU = Debug|Any CPU
		Release|Any CPU = Release|Any CPU
	EndGlobalSection
	GlobalSection(ProjectConfigurationPlatforms) = postSolution
		{432B063A-C3F4-4F8B-9FFF-35BE6695DC75}.Debug|Any CPU.ActiveCfg = Debug|Any CPU
		{432B063A-C3F4-4F8B-9FFF-35BE6695DC75}.Debug|Any CPU.Build.0 = Debug|Any CPU
		{432B063A-C3F4-4F8B-9FFF-35BE6695DC75}.Release|Any CPU.ActiveCfg = Release|Any CPU
		{432B063A-C3F4-4F8B-9FFF-35BE6695DC75}.Release|Any CPU.Build.0 = Release|Any CPU
	EndGlobalSection
	GlobalSection(SolutionProperties) = preSolution
		HideSolutionNode = FALSE
	EndGlobalSection
	GlobalSection(ExtensibilityGlobals) = postSolution
		SolutionGuid = {CC19144D-7C5D-4933-AA5C-EAC101F061B7}
	EndGlobalSection
EndGlobal
